
Microsoft Visual Studio Solution File, Format Version 12.00
# Visual Studio Version 17
VisualStudioVersion = 17.5.002.0
MinimumVisualStudioVersion = 10.0.40219.1
Project("{9A19103F-16F7-4668-BE54-9A1E7A4F7556}") = "Assignment1", "Assignment1.csproj", "{CD5C3543-0551-4EAF-B180-62C13D39096C}"
EndProject
Global
	GlobalSection(SolutionConfigurationPlatforms) = preSolution
		Debug|Any CPU = Debug|Any CPU
		Release|Any CPU = Release|Any CPU
	EndGlobalSection
	GlobalSection(ProjectConfigurationPlatforms) = postSolution
		{CD5C3543-0551-4EAF-B180-62C13D39096C}.Debug|Any CPU.ActiveCfg = Debug|Any CPU
		{CD5C3543-0551-4EAF-B180-62C13D39096C}.Debug|Any CPU.Build.0 = Debug|Any CPU
		{CD5C3543-0551-4EAF-B180-62C13D39096C}.Release|Any CPU.ActiveCfg = Release|Any CPU
		{CD5C3543-0551-4EAF-B180-62C13D39096C}.Release|Any CPU.Build.0 = Release|Any CPU
	EndGlobalSection
	GlobalSection(SolutionProperties) = preSolution
		HideSolutionNode = FALSE
	EndGlobalSection
	GlobalSection(ExtensibilityGlobals) = postSolution
		SolutionGuid = {A06E4152-A570-470C-B7B8-4FF2BABFFDC2}
	EndGlobalSection
EndGlobal
